
Microsoft Visual Studio Solution File, Format Version 12.00
# Visual Studio 15
VisualStudioVersion = 15.0.27004.2006
MinimumVisualStudioVersion = 10.0.40219.1
Project("{9A19103F-16F7-4668-BE54-9A1E7A4F7556}") = "CarsApplication", "CarsApplication\CarsApplication.csproj", "{7FBA546B-B2A7-4921-9F5F-40055CEC57F5}"
EndProject
Project("{9A19103F-16F7-4668-BE54-9A1E7A4F7556}") = "CarsApplication.Services", "CarsApplication.Services\CarsApplication.Services.csproj", "{F07B8BE7-BC19-4CAF-9EB1-D60F9C463A90}"
EndProject
Project("{9A19103F-16F7-4668-BE54-9A1E7A4F7556}") = "CarsApplication.Data", "CarsApplication.Data\CarsApplication.Data.csproj", "{A4DA53D0-6C94-4440-81E6-D9EF5E197658}"
EndProject
Global
	GlobalSection(SolutionConfigurationPlatforms) = preSolution
		Debug|Any CPU = Debug|Any CPU
		Release|Any CPU = Release|Any CPU
	EndGlobalSection
	GlobalSection(ProjectConfigurationPlatforms) = postSolution
		{7FBA546B-B2A7-4921-9F5F-40055CEC57F5}.Debug|Any CPU.ActiveCfg = Debug|Any CPU
		{7FBA546B-B2A7-4921-9F5F-40055CEC57F5}.Debug|Any CPU.Build.0 = Debug|Any CPU
		{7FBA546B-B2A7-4921-9F5F-40055CEC57F5}.Release|Any CPU.ActiveCfg = Release|Any CPU
		{7FBA546B-B2A7-4921-9F5F-40055CEC57F5}.Release|Any CPU.Build.0 = Release|Any CPU
		{F07B8BE7-BC19-4CAF-9EB1-D60F9C463A90}.Debug|Any CPU.ActiveCfg = Debug|Any CPU
		{F07B8BE7-BC19-4CAF-9EB1-D60F9C463A90}.Debug|Any CPU.Build.0 = Debug|Any CPU
		{F07B8BE7-BC19-4CAF-9EB1-D60F9C463A90}.Release|Any CPU.ActiveCfg = Release|Any CPU
		{F07B8BE7-BC19-4CAF-9EB1-D60F9C463A90}.Release|Any CPU.Build.0 = Release|Any CPU
		{A4DA53D0-6C94-4440-81E6-D9EF5E197658}.Debug|Any CPU.ActiveCfg = Debug|Any CPU
		{A4DA53D0-6C94-4440-81E6-D9EF5E197658}.Debug|Any CPU.Build.0 = Debug|Any CPU
		{A4DA53D0-6C94-4440-81E6-D9EF5E197658}.Release|Any CPU.ActiveCfg = Release|Any CPU
		{A4DA53D0-6C94-4440-81E6-D9EF5E197658}.Release|Any CPU.Build.0 = Release|Any CPU
	EndGlobalSection
	GlobalSection(SolutionProperties) = preSolution
		HideSolutionNode = FALSE
	EndGlobalSection
	GlobalSection(ExtensibilityGlobals) = postSolution
		SolutionGuid = {9F2A90ED-4865-4BDA-B0BB-BF70BF91E265}
	EndGlobalSection
EndGlobal
